{
  "lockfile_version": "1",
  "packages": {
    "act@latest": {
      "last_modified": "2026-02-23T15:40:43Z",
      "resolved": "github:NixOS/nixpkgs/80d901ec0377e19ac3f7bb8c035201e2e098cc97#act",
      "source": "devbox-search",
      "version": "0.2.84",
      "systems": {
        "aarch64-darwin": {
          "outputs": [
            {
              "name": "out",
              "path": "/nix/store/i1f4l57vzk8gwbnwxjmalsr92c25jwsf-act-0.2.84",
              "default": true
            }
          ],
          "store_path": "/nix/store/i1f4l57vzk8gwbnwxjmalsr92c25jwsf-act-0.2.84"
        },
        "aarch64-linux": {
          "outputs": [
            {
              "name": "out",
              "path": "/nix/store/qj7834kzixm1qrsjhykcgmzgdsnidm5g-act-0.2.84",
              "default": true
            }
          ],
          "store_path": "/nix/store/qj7834kzixm1qrsjhykcgmzgdsnidm5g-act-0.2.84"
        },
        "x86_64-darwin": {
          "outputs": [
            {
              "name": "out",
              "path": "/nix/store/7n7yipgkvkg6dbfwhr507wcyiy3xppaq-act-0.2.84",
              "default": true
            }
          ],
          "store_path": "/nix/store/7n7yipgkvkg6dbfwhr507wcyiy3xppaq-act-0.2.84"
        },
        "x86_64-linux": {
          "outputs": [
            {
              "name": "out",
              "path": "/nix/store/z063ds4yv84j3h769b5lc0hlf29qqwc6-act-0.2.84",
              "default": true
            }
          ],
          "store_path": "/nix/store/z063ds4yv84j3h769b5lc0hlf29qqwc6-act-0.2.84"
        }
      }
    },
    "civo@latest": {
      "last_modified": "2026-02-23T15:40:43Z",
      "resolved": "github:NixOS/nixpkgs/80d901ec0377e19ac3f7bb8c035201e2e098cc97#civo",
      "source": "devbox-search",
      "version": "1.4.7",
      "systems": {
        "aarch64-darwin": {
          "outputs": [
            {
              "name": "out",
              "path": "/nix/store/ic1vwniy7d3qs14mm9kl49bvg9gav6xh-civo-1.4.7",
              "default": true
            }
          ],
          "store_path": "/nix/store/ic1vwniy7d3qs14mm9kl49bvg9gav6xh-civo-1.4.7"
        },
        "aarch64-linux": {
          "outputs": [
            {
              "name": "out",
              "path": "/nix/store/75h7447zb63cv44ysyv61wg762lvqjjl-civo-1.4.7",
              "default": true
            }
          ],
          "store_path": "/nix/store/75h7447zb63cv44ysyv61wg762lvqjjl-civo-1.4.7"
        },
        "x86_64-darwin": {
          "outputs": [
            {
              "name": "out",
              "path": "/nix/store/210s1yz0fnjj9jbjf5snhbdn4lq2rrph-civo-1.4.7",
              "default": true
            }
          ],
          "store_path": "/nix/store/210s1yz0fnjj9jbjf5snhbdn4lq2rrph-civo-1.4.7"
        },
        "x86_64-linux": {
          "outputs": [
            {
              "name": "out",
              "path": "/nix/store/wn91avsngsjwgpmrcascqdjmd212071q-civo-1.4.7",
              "default": true
            }
          ],
          "store_path": "/nix/store/wn91avsngsjwgpmrcascqdjmd212071q-civo-1.4.7"
        }
      }
    },
    "envsubst@latest": {
      "last_modified": "2026-02-23T15:40:43Z",
      "resolved": "github:NixOS/nixpkgs/80d901ec0377e19ac3f7bb8c035201e2e098cc97#envsubst",
      "source": "devbox-search",
      "version": "1.4.3",
      "systems": {
        "aarch64-darwin": {
          "outputs": [
            {
              "name": "out",
              "path": "/nix/store/m84n5hxlv0w38jv359jb5nb59c90rj0d-envsubst-1.4.3",
              "default": true
            }
          ],
          "store_path": "/nix/store/m84n5hxlv0w38jv359jb5nb59c90rj0d-envsubst-1.4.3"
        },
        "aarch64-linux": {
          "outputs": [
            {
              "name": "out",
              "path": "/nix/store/a1ma7pqhkljij6s37xk6hqya3n13qy2w-envsubst-1.4.3",
              "default": true
            }
          ],
          "store_path": "/nix/store/a1ma7pqhkljij6s37xk6hqya3n13qy2w-envsubst-1.4.3"
        },
        "x86_64-darwin": {
          "outputs": [
            {
              "name": "out",
              "path": "/nix/store/c2g78h57qlcjz1q5p9xs4nv6vi47m6v5-envsubst-1.4.3",
              "default": true
            }
          ],
          "store_path": "/nix/store/c2g78h57qlcjz1q5p9xs4nv6vi47m6v5-envsubst-1.4.3"
        },
        "x86_64-linux": {
          "outputs": [
            {
              "name": "out",
              "path": "/nix/store/s4zag2wx11ysw1rrwlmr3z59q1nqqmpb-envsubst-1.4.3",
              "default": true
            }
          ],
          "store_path": "/nix/store/s4zag2wx11ysw1rrwlmr3z59q1nqqmpb-envsubst-1.4.3"
        }
      }
    },
    "gh@latest": {
      "last_modified": "2026-02-26T05:06:13Z",
      "resolved": "github:NixOS/nixpkgs/26eaeac4e409d7b5a6bf6f90a2a2dc223c78d915#gh",
      "source": "devbox-search",
      "version": "2.87.3",
      "systems": {
        "aarch64-darwin": {
          "outputs": [
            {
              "name": "out",
              "path": "/nix/store/gkpngbiz6fys2nsxgxcd454j4ph78wxb-gh-2.87.3",
              "default": true
            }
          ],
          "store_path": "/nix/store/gkpngbiz6fys2nsxgxcd454j4ph78wxb-gh-2.87.3"
        },
        "aarch64-linux": {
          "outputs": [
            {
              "name": "out",
              "path": "/nix/store/arwzxdy2ba1p4ak0b55ln1a5xvxdws4c-gh-2.87.3",
              "default": true
            }
          ],
          "store_path": "/nix/store/arwzxdy2ba1p4ak0b55ln1a5xvxdws4c-gh-2.87.3"
        },
        "x86_64-darwin": {
          "outputs": [
            {
              "name": "out",
              "path": "/nix/store/b7cbk3r89jy5xgcvyd5nf087bbyljl9v-gh-2.87.3",
              "default": true
            }
          ],
          "store_path": "/nix/store/b7cbk3r89jy5xgcvyd5nf087bbyljl9v-gh-2.87.3"
        },
        "x86_64-linux": {
          "outputs": [
            {
              "name": "out",
              "path": "/nix/store/x0nqj95k7dbxw4d1vvsckqgl6lhmxhf1-gh-2.87.3",
              "default": true
            }
          ],
          "store_path": "/nix/store/x0nqj95k7dbxw4d1vvsckqgl6lhmxhf1-gh-2.87.3"
        }
      }
    },
    "github:NixOS/nixpkgs/nixpkgs-unstable": {
      "last_modified": "2026-03-10T02:35:18Z",
      "resolved": "github:NixOS/nixpkgs/e607cb5360ff1234862ac9f8839522becb853bb9?lastModified=1773110118&narHash=sha256-mPAG8phMbCReKSiKAijjjd3v7uVcJOQ75gSjGJjt%2FRk%3D"
    },
    "go-task@latest": {
      "last_modified": "2026-02-23T15:40:43Z",
      "resolved": "github:NixOS/nixpkgs/80d901ec0377e19ac3f7bb8c035201e2e098cc97#go-task",
      "source": "devbox-search",
      "version": "3.48.0",
      "systems": {
        "aarch64-darwin": {
          "outputs": [
            {
              "name": "out",
              "path": "/nix/store/lwkw29yi53lijzfjqcp01jkaqa5493wi-go-task-3.48.0",
              "default": true
            }
          ],
          "store_path": "/nix/store/lwkw29yi53lijzfjqcp01jkaqa5493wi-go-task-3.48.0"
        },
        "aarch64-linux": {
          "outputs": [
            {
              "name": "out",
              "path": "/nix/store/f6g3n71njj281hawy8chz56c6dy6icb9-go-task-3.48.0",
              "default": true
            }
          ],
          "store_path": "/nix/store/f6g3n71njj281hawy8chz56c6dy6icb9-go-task-3.48.0"
        },
        "x86_64-darwin": {
          "outputs": [
            {
              "name": "out",
              "path": "/nix/store/8ncbi1skdp8x0h5abwxrawffknrascmq-go-task-3.48.0",
              "default": true
            }
          ],
          "store_path": "/nix/store/8ncbi1skdp8x0h5abwxrawffknrascmq-go-task-3.48.0"
        },
        "x86_64-linux": {
          "outputs": [
            {
              "name": "out",
              "path": "/nix/store/5divyc7qn687x3cyq5gnyh46vgx7g9by-go-task-3.48.0",
              "default": true
            }
          ],
          "store_path": "/nix/store/5divyc7qn687x3cyq5gnyh46vgx7g9by-go-task-3.48.0"
        }
      }
    },
    "go@latest": {
      "last_modified": "2026-02-23T15:40:43Z",
      "resolved": "github:NixOS/nixpkgs/80d901ec0377e19ac3f7bb8c035201e2e098cc97#go_1_26",
      "source": "devbox-search",
      "version": "1.26.0",
      "systems": {
        "aarch64-darwin": {
          "outputs": [
            {
              "name": "out",
              "path": "/nix/store/5ajixjk279m40yf6x96xxlnvw1wg6hq3-go-1.26.0",
              "default": true
            }
          ],
          "store_path": "/nix/store/5ajixjk279m40yf6x96xxlnvw1wg6hq3-go-1.26.0"
        },
        "aarch64-linux": {
          "outputs": [
            {
              "name": "out",
              "path": "/nix/store/b0ncnyjis5pfzm86pb0y3klgdw2gwyww-go-1.26.0",
              "default": true
            }
          ],
          "store_path": "/nix/store/b0ncnyjis5pfzm86pb0y3klgdw2gwyww-go-1.26.0"
        },
        "x86_64-darwin": {
          "outputs": [
            {
              "name": "out",
              "path": "/nix/store/kpr6dqdjixi0b1wh7phisqmzkxjw7ln7-go-1.26.0",
              "default": true
            }
          ],
          "store_path": "/nix/store/kpr6dqdjixi0b1wh7phisqmzkxjw7ln7-go-1.26.0"
        },
        "x86_64-linux": {
          "outputs": [
            {
              "name": "out",
              "path": "/nix/store/s9dwyyi8mk76wslsm6jl50ky9hd11pv3-go-1.26.0",
              "default": true
            }
          ],
          "store_path": "/nix/store/s9dwyyi8mk76wslsm6jl50ky9hd11pv3-go-1.26.0"
        }
      }
    },
    "gum@latest": {
      "last_modified": "2026-02-23T15:40:43Z",
      "resolved": "github:NixOS/nixpkgs/80d901ec0377e19ac3f7bb8c035201e2e098cc97#gum",
      "source": "devbox-search",
      "version": "0.17.0",
      "systems": {
        "aarch64-darwin": {
          "outputs": [
            {
              "name": "out",
              "path": "/nix/store/x5ngj85sp5paq6la0g60qrx7p6z6h9iz-gum-0.17.0",
              "default": true
            }
          ],
          "store_path": "/nix/store/x5ngj85sp5paq6la0g60qrx7p6z6h9iz-gum-0.17.0"
        },
        "aarch64-linux": {
          "outputs": [
            {
              "name": "out",
              "path": "/nix/store/8492ypc20ys8kghyq4c9n8bfip85rg0n-gum-0.17.0",
              "default": true
            }
          ],
          "store_path": "/nix/store/8492ypc20ys8kghyq4c9n8bfip85rg0n-gum-0.17.0"
        },
        "x86_64-darwin": {
          "outputs": [
            {
              "name": "out",
              "path": "/nix/store/948mlcmz4vhy43ij44iw86gcazb6j7bq-gum-0.17.0",
              "default": true
            }
          ],
          "store_path": "/nix/store/948mlcmz4vhy43ij44iw86gcazb6j7bq-gum-0.17.0"
        },
        "x86_64-linux": {
          "outputs": [
            {
              "name": "out",
              "path": "/nix/store/x5bn6qhx5qr16w5nz0mh5bh9ww4530h8-gum-0.17.0",
              "default": true
            }
          ],
          "store_path": "/nix/store/x5bn6qhx5qr16w5nz0mh5bh9ww4530h8-gum-0.17.0"
        }
      }
    },
    "jq@latest": {
      "last_modified": "2026-03-05T09:48:44Z",
      "resolved": "github:NixOS/nixpkgs/289c8a834fbf87af1f01cb78f479537ef5219a0b#jq",
      "source": "devbox-search",
      "version": "1.8.1",
      "systems": {
        "aarch64-darwin": {
          "outputs": [
            {
              "name": "bin",
              "path": "/nix/store/qclllhrddhsqs87zrjhb0rikj9vh382g-jq-1.8.1-bin",
              "default": true
            },
            {
              "name": "man",
              "path": "/nix/store/fw0rb615pja12zpdqdn4w8bxvb310pf9-jq-1.8.1-man",
              "default": true
            },
            {
              "name": "dev",
              "path": "/nix/store/2hj3wiwnf5yjp0n176wgyd9f0ln11zhz-jq-1.8.1-dev"
            },
            {
              "name": "doc",
              "path": "/nix/store/im47zqjcdg2bhx97fkwvx7p1yzi098hz-jq-1.8.1-doc"
            },
            {
              "name": "out",
              "path": "/nix/store/w513pwkks3lw9ligjigpqniqj3dbipsl-jq-1.8.1"
            }
          ],
          "store_path": "/nix/store/qclllhrddhsqs87zrjhb0rikj9vh382g-jq-1.8.1-bin"
        },
        "aarch64-linux": {
          "outputs": [
            {
              "name": "bin",
              "path": "/nix/store/bnsyxn71xzc4nd86k6j25wmzncir628l-jq-1.8.1-bin",
              "default": true
            },
            {
              "name": "man",
              "path": "/nix/store/bl1f8rn2amdw86y6zyxybpz0g9bkd4yw-jq-1.8.1-man",
              "default": true
            },
            {
              "name": "dev",
              "path": "/nix/store/3iy3f3m2ikjsw8bmx7485flysxj1vgk7-jq-1.8.1-dev"
            },
            {
              "name": "doc",
              "path": "/nix/store/rdp9243l8x6pqmcrz99nwa4kf25km9w7-jq-1.8.1-doc"
            },
            {
              "name": "out",
              "path": "/nix/store/zglcyjcxpsnqq4ip8w2myqmlv08641b0-jq-1.8.1"
            }
          ],
          "store_path": "/nix/store/bnsyxn71xzc4nd86k6j25wmzncir628l-jq-1.8.1-bin"
        },
        "x86_64-darwin": {
          "outputs": [
            {
              "name": "bin",
              "path": "/nix/store/silqkfms6xjsaq0w3m0g6ygl4zj9992c-jq-1.8.1-bin",
              "default": true
            },
            {
              "name": "man",
              "path": "/nix/store/034cqaasry6lv5nc3nkngp2p1ww3rib6-jq-1.8.1-man",
              "default": true
            },
            {
              "name": "dev",
              "path": "/nix/store/504ml9mmnn1b1y50i6dd13kbadg4kwj9-jq-1.8.1-dev"
            },
            {
              "name": "doc",
              "path": "/nix/store/yqm1xgg9ivm1jlkn2x0bwyc3l499cw4i-jq-1.8.1-doc"
            },
            {
              "name": "out",
              "path": "/nix/store/hjc1gxah0mlc523mr4h9mxwzk7nx96hq-jq-1.8.1"
            }
          ],
          "store_path": "/nix/store/silqkfms6xjsaq0w3m0g6ygl4zj9992c-jq-1.8.1-bin"
        },
        "x86_64-linux": {
          "outputs": [
            {
              "name": "bin",
              "path": "/nix/store/jyi1vkcbaihqbfbra4qd0107sj1jhdk4-jq-1.8.1-bin",
              "default": true
            },
            {
              "name": "man",
              "path": "/nix/store/lqxm904bymdhvi8fc2l6gpj0n4wq33a8-jq-1.8.1-man",
              "default": true
            },
            {
              "name": "out",
              "path": "/nix/store/70bwclvic12925zck7za5y9g761l9kkh-jq-1.8.1"
            },
            {
              "name": "dev",
              "path": "/nix/store/1m6s8nd3x7s7jddjdgydq10c5wj4dj4h-jq-1.8.1-dev"
            },
            {
              "name": "doc",
              "path": "/nix/store/51isxd9mi828n238hj3572vmfx12msp1-jq-1.8.1-doc"
            }
          ],
          "store_path": "/nix/store/jyi1vkcbaihqbfbra4qd0107sj1jhdk4-jq-1.8.1-bin"
        }
      }
    },
    "k9s@latest": {
      "last_modified": "2026-02-23T15:40:43Z",
      "resolved": "github:NixOS/nixpkgs/80d901ec0377e19ac3f7bb8c035201e2e098cc97#k9s",
      "source": "devbox-search",
      "version": "0.50.18",
      "systems": {
        "aarch64-darwin": {
          "outputs": [
            {
              "name": "out",
              "path": "/nix/store/srwy9nk8jmv9197czb3xaj3aqjzvdzag-k9s-0.50.18",
              "default": true
            }
          ],
          "store_path": "/nix/store/srwy9nk8jmv9197czb3xaj3aqjzvdzag-k9s-0.50.18"
        },
        "aarch64-linux": {
          "outputs": [
            {
              "name": "out",
              "path": "/nix/store/6a6dig68k1q9n9rfay8cf3a0m7v1aqln-k9s-0.50.18",
              "default": true
            }
          ],
          "store_path": "/nix/store/6a6dig68k1q9n9rfay8cf3a0m7v1aqln-k9s-0.50.18"
        },
        "x86_64-darwin": {
          "outputs": [
            {
              "name": "out",
              "path": "/nix/store/n7ajxl2nq0jjxkxnj2s3gslibrkcq2hf-k9s-0.50.18",
              "default": true
            }
          ],
          "store_path": "/nix/store/n7ajxl2nq0jjxkxnj2s3gslibrkcq2hf-k9s-0.50.18"
        },
        "x86_64-linux": {
          "outputs": [
            {
              "name": "out",
              "path": "/nix/store/yn6znqp1sbpn4k7k6spj8mi04gy0ci6j-k9s-0.50.18",
              "default": true
            }
          ],
          "store_path": "/nix/store/yn6znqp1sbpn4k7k6spj8mi04gy0ci6j-k9s-0.50.18"
        }
      }
    },
    "kind@latest": {
      "last_modified": "2026-02-23T15:40:43Z",
      "resolved": "github:NixOS/nixpkgs/80d901ec0377e19ac3f7bb8c035201e2e098cc97#kind",
      "source": "devbox-search",
      "version": "0.31.0",
      "systems": {
        "aarch64-darwin": {
          "outputs": [
            {
              "name": "out",
              "path": "/nix/store/rda19grlrih0ks0mxzhzy4sqh83mb0x4-kind-0.31.0",
              "default": true
            }
          ],
          "store_path": "/nix/store/rda19grlrih0ks0mxzhzy4sqh83mb0x4-kind-0.31.0"
        },
        "aarch64-linux": {
          "outputs": [
            {
              "name": "out",
              "path": "/nix/store/kfx7g36zfqdynlj9hsaxvbswyh0k35yr-kind-0.31.0",
              "default": true
            }
          ],
          "store_path": "/nix/store/kfx7g36zfqdynlj9hsaxvbswyh0k35yr-kind-0.31.0"
        },
        "x86_64-darwin": {
          "outputs": [
            {
              "name": "out",
              "path": "/nix/store/c2nw6gz2w240crs0afab0braazmaagjk-kind-0.31.0",
              "default": true
            }
          ],
          "store_path": "/nix/store/c2nw6gz2w240crs0afab0braazmaagjk-kind-0.31.0"
        },
        "x86_64-linux": {
          "outputs": [
            {
              "name": "out",
              "path": "/nix/store/j7xm61bjdrampp2bmw3zsbj896zllhgf-kind-0.31.0",
              "default": true
            }
          ],
          "store_path": "/nix/store/j7xm61bjdrampp2bmw3zsbj896zllhgf-kind-0.31.0"
        }
      }
    },
    "kluctl@latest": {
      "last_modified": "2026-02-23T15:40:43Z",
      "resolved": "github:NixOS/nixpkgs/80d901ec0377e19ac3f7bb8c035201e2e098cc97#kluctl",
      "source": "devbox-search",
      "version": "2.27.0",
      "systems": {
        "aarch64-darwin": {
          "outputs": [
            {
              "name": "out",
              "path": "/nix/store/iz8wwv37imi6j1qb2z8ylq19rdsz2k7m-kluctl-2.27.0",
              "default": true
            }
          ],
          "store_path": "/nix/store/iz8wwv37imi6j1qb2z8ylq19rdsz2k7m-kluctl-2.27.0"
        },
        "aarch64-linux": {
          "outputs": [
            {
              "name": "out",
              "path": "/nix/store/mb5qs9750q8pckncn01sfvg39c278l38-kluctl-2.27.0",
              "default": true
            }
          ],
          "store_path": "/nix/store/mb5qs9750q8pckncn01sfvg39c278l38-kluctl-2.27.0"
        },
        "x86_64-darwin": {
          "outputs": [
            {
              "name": "out",
              "path": "/nix/store/nikfz0h14ndph2a5z68aj8g5ffx40mrs-kluctl-2.27.0",
              "default": true
            }
          ],
          "store_path": "/nix/store/nikfz0h14ndph2a5z68aj8g5ffx40mrs-kluctl-2.27.0"
        },
        "x86_64-linux": {
          "outputs": [
            {
              "name": "out",
              "path": "/nix/store/l52a4z841qps5ibzfz48vdd5ngf9c77n-kluctl-2.27.0",
              "default": true
            }
          ],
          "store_path": "/nix/store/l52a4z841qps5ibzfz48vdd5ngf9c77n-kluctl-2.27.0"
        }
      }
    },
    "ko@latest": {
      "last_modified": "2026-02-23T15:40:43Z",
      "resolved": "github:NixOS/nixpkgs/80d901ec0377e19ac3f7bb8c035201e2e098cc97#ko",
      "source": "devbox-search",
      "version": "0.18.1",
      "systems": {
        "aarch64-darwin": {
          "outputs": [
            {
              "name": "out",
              "path": "/nix/store/dhll5w3dspii7s9z2yphcdwr5cish816-ko-0.18.1",
              "default": true
            }
          ],
          "store_path": "/nix/store/dhll5w3dspii7s9z2yphcdwr5cish816-ko-0.18.1"
        },
        "aarch64-linux": {
          "outputs": [
            {
              "name": "out",
              "path": "/nix/store/jn13flpa82hgl3idghjzjx2dchy8zw5i-ko-0.18.1",
              "default": true
            }
          ],
          "store_path": "/nix/store/jn13flpa82hgl3idghjzjx2dchy8zw5i-ko-0.18.1"
        },
        "x86_64-darwin": {
          "outputs": [
            {
              "name": "out",
              "path": "/nix/store/bllfqm52wgzlrwb96kivlsj61lknpszd-ko-0.18.1",
              "default": true
            }
          ],
          "store_path": "/nix/store/bllfqm52wgzlrwb96kivlsj61lknpszd-ko-0.18.1"
        },
        "x86_64-linux": {
          "outputs": [
            {
              "name": "out",
              "path": "/nix/store/fnidrc9dcdbgm33aj01ic6bhcn2zw7wf-ko-0.18.1",
              "default": true
            }
          ],
          "store_path": "/nix/store/fnidrc9dcdbgm33aj01ic6bhcn2zw7wf-ko-0.18.1"
        }
      }
    },
    "kubectl@latest": {
      "last_modified": "2026-02-23T15:40:43Z",
      "resolved": "github:NixOS/nixpkgs/80d901ec0377e19ac3f7bb8c035201e2e098cc97#kubectl",
      "source": "devbox-search",
      "version": "1.35.0",
      "systems": {
        "aarch64-darwin": {
          "outputs": [
            {
              "name": "out",
              "path": "/nix/store/vc9x3pbgiayy7404pizw2597ckxbx5iv-kubectl-1.35.0",
              "default": true
            },
            {
              "name": "man",
              "path": "/nix/store/kkw3fydnm0j5623by42z87z88x65j3da-kubectl-1.35.0-man",
              "default": true
            },
            {
              "name": "convert",
              "path": "/nix/store/z7sjfxgi8hfxp2lhnmsc8cxrivq47388-kubectl-1.35.0-convert"
            }
          ],
          "store_path": "/nix/store/vc9x3pbgiayy7404pizw2597ckxbx5iv-kubectl-1.35.0"
        },
        "aarch64-linux": {
          "outputs": [
            {
              "name": "out",
              "path": "/nix/store/dwv1pr9ammi7nvg2wrh8i1b1pc4s1kdc-kubectl-1.35.0",
              "default": true
            },
            {
              "name": "man",
              "path": "/nix/store/5xpp0xycjgp6a4j4m0p3imfx60nm8qk1-kubectl-1.35.0-man",
              "default": true
            },
            {
              "name": "convert",
              "path": "/nix/store/z9sdg7h4g18pjxsammdn8v99mxfiwanq-kubectl-1.35.0-convert"
            }
          ],
          "store_path": "/nix/store/dwv1pr9ammi7nvg2wrh8i1b1pc4s1kdc-kubectl-1.35.0"
        },
        "x86_64-darwin": {
          "outputs": [
            {
              "name": "out",
              "path": "/nix/store/aspny4z58b3ggw0v4dayngrxjgqhfkwh-kubectl-1.35.0",
              "default": true
            },
            {
              "name": "man",
              "path": "/nix/store/39lj9l9nr6q1il6x3gwvrxbncawkjicf-kubectl-1.35.0-man",
              "default": true
            },
            {
              "name": "convert",
              "path": "/nix/store/8nfmr74j1ls3parfa3l6zglfgmzm7a99-kubectl-1.35.0-convert"
            }
          ],
          "store_path": "/nix/store/aspny4z58b3ggw0v4dayngrxjgqhfkwh-kubectl-1.35.0"
        },
        "x86_64-linux": {
          "outputs": [
            {
              "name": "out",
              "path": "/nix/store/36ji0srf1rf0fhk27410g3i0njwqrfb3-kubectl-1.35.0",
              "default": true
            },
            {
              "name": "man",
              "path": "/nix/store/11329ky5q3yd8h6b2f6dilhxd93lp6a9-kubectl-1.35.0-man",
              "default": true
            },
            {
              "name": "convert",
              "path": "/nix/store/lzbrmcxx8zwjyi3k18f5jdv8axrgcyz8-kubectl-1.35.0-convert"
            }
          ],
          "store_path": "/nix/store/36ji0srf1rf0fhk27410g3i0njwqrfb3-kubectl-1.35.0"
        }
      }
    },
    "kubectx@latest": {
      "last_modified": "2026-02-23T15:40:43Z",
      "resolved": "github:NixOS/nixpkgs/80d901ec0377e19ac3f7bb8c035201e2e098cc97#kubectx",
      "source": "devbox-search",
      "version": "0.9.5",
      "systems": {
        "aarch64-darwin": {
          "outputs": [
            {
              "name": "out",
              "path": "/nix/store/2khdd1fv3w46db49v8nhawvdc6yqdn7r-kubectx-0.9.5",
              "default": true
            }
          ],
          "store_path": "/nix/store/2khdd1fv3w46db49v8nhawvdc6yqdn7r-kubectx-0.9.5"
        },
        "aarch64-linux": {
          "outputs": [
            {
              "name": "out",
              "path": "/nix/store/7ylwjpcbvibkslgd5p7jmha20sl9v0mp-kubectx-0.9.5",
              "default": true
            }
          ],
          "store_path": "/nix/store/7ylwjpcbvibkslgd5p7jmha20sl9v0mp-kubectx-0.9.5"
        },
        "x86_64-darwin": {
          "outputs": [
            {
              "name": "out",
              "path": "/nix/store/jjkmhah3lj3wxdjafj88gbhvf7sv6ckb-kubectx-0.9.5",
              "default": true
            }
          ],
          "store_path": "/nix/store/jjkmhah3lj3wxdjafj88gbhvf7sv6ckb-kubectx-0.9.5"
        },
        "x86_64-linux": {
          "outputs": [
            {
              "name": "out",
              "path": "/nix/store/3frxhl3ikpcl2lpczh594xmzxy0gkslw-kubectx-0.9.5",
              "default": true
            }
          ],
          "store_path": "/nix/store/3frxhl3ikpcl2lpczh594xmzxy0gkslw-kubectx-0.9.5"
        }
      }
    },
    "kubent@latest": {
      "last_modified": "2026-02-23T15:40:43Z",
      "resolved": "github:NixOS/nixpkgs/80d901ec0377e19ac3f7bb8c035201e2e098cc97#kubent",
      "source": "devbox-search",
      "version": "0.7.3",
      "systems": {
        "aarch64-darwin": {
          "outputs": [
            {
              "name": "out",
              "path": "/nix/store/bhvzr0lgbaidab3j42dgsqqca9qa454a-kubent-0.7.3",
              "default": true
            }
          ],
          "store_path": "/nix/store/bhvzr0lgbaidab3j42dgsqqca9qa454a-kubent-0.7.3"
        },
        "aarch64-linux": {
          "outputs": [
            {
              "name": "out",
              "path": "/nix/store/28pyklnylcip6vfi28qwz5q72gbw6k0l-kubent-0.7.3",
              "default": true
            }
          ],
          "store_path": "/nix/store/28pyklnylcip6vfi28qwz5q72gbw6k0l-kubent-0.7.3"
        },
        "x86_64-darwin": {
          "outputs": [
            {
              "name": "out",
              "path": "/nix/store/c1cz3ymz9vjrs86a8g4d4j8lnkx5lhyr-kubent-0.7.3",
              "default": true
            }
          ],
          "store_path": "/nix/store/c1cz3ymz9vjrs86a8g4d4j8lnkx5lhyr-kubent-0.7.3"
        },
        "x86_64-linux": {
          "outputs": [
            {
              "name": "out",
              "path": "/nix/store/z1gswkwwd23523zmsd0qqbbaq21imfmb-kubent-0.7.3",
              "default": true
            }
          ],
          "store_path": "/nix/store/z1gswkwwd23523zmsd0qqbbaq21imfmb-kubent-0.7.3"
        }
      }
    },
    "kubernetes-helm@latest": {
      "last_modified": "2026-02-23T15:40:43Z",
      "resolved": "github:NixOS/nixpkgs/80d901ec0377e19ac3f7bb8c035201e2e098cc97#kubernetes-helm",
      "source": "devbox-search",
      "version": "3.19.1",
      "systems": {
        "aarch64-darwin": {
          "outputs": [
            {
              "name": "out",
              "path": "/nix/store/qgnf88s44vlb5flhrdiica0x7iq48yf3-kubernetes-helm-3.19.1",
              "default": true
            }
          ],
          "store_path": "/nix/store/qgnf88s44vlb5flhrdiica0x7iq48yf3-kubernetes-helm-3.19.1"
        },
        "aarch64-linux": {
          "outputs": [
            {
              "name": "out",
              "path": "/nix/store/rmzqdyhxj0sa2fm5h2r2fsrxl19jlvis-kubernetes-helm-3.19.1",
              "default": true
            }
          ],
          "store_path": "/nix/store/rmzqdyhxj0sa2fm5h2r2fsrxl19jlvis-kubernetes-helm-3.19.1"
        },
        "x86_64-darwin": {
          "outputs": [
            {
              "name": "out",
              "path": "/nix/store/gwrsg2lq73bppnj7j9afzfz6biva1jfa-kubernetes-helm-3.19.1",
              "default": true
            }
          ],
          "store_path": "/nix/store/gwrsg2lq73bppnj7j9afzfz6biva1jfa-kubernetes-helm-3.19.1"
        },
        "x86_64-linux": {
          "outputs": [
            {
              "name": "out",
              "path": "/nix/store/3bjwp28yvv86pih7k9p7n7w5jhcn8qd9-kubernetes-helm-3.19.1",
              "default": true
            }
          ],
          "store_path": "/nix/store/3bjwp28yvv86pih7k9p7n7w5jhcn8qd9-kubernetes-helm-3.19.1"
        }
      }
    },
    "kustomize@latest": {
      "last_modified": "2026-02-23T15:40:43Z",
      "resolved": "github:NixOS/nixpkgs/80d901ec0377e19ac3f7bb8c035201e2e098cc97#kustomize",
      "source": "devbox-search",
      "version": "5.8.1",
      "systems": {
        "aarch64-darwin": {
          "outputs": [
            {
              "name": "out",
              "path": "/nix/store/2pmw8rfy7ghnppjf0cjgf3fkwpadpwqb-kustomize-5.8.1",
              "default": true
            }
          ],
          "store_path": "/nix/store/2pmw8rfy7ghnppjf0cjgf3fkwpadpwqb-kustomize-5.8.1"
        },
        "aarch64-linux": {
          "outputs": [
            {
              "name": "out",
              "path": "/nix/store/rd25hg38k24mwmqjmc3rwdv21w7sdm7d-kustomize-5.8.1",
              "default": true
            }
          ],
          "store_path": "/nix/store/rd25hg38k24mwmqjmc3rwdv21w7sdm7d-kustomize-5.8.1"
        },
        "x86_64-darwin": {
          "outputs": [
            {
              "name": "out",
              "path": "/nix/store/ribrf90mvlxwwcqblk20pwfr2ibczvpp-kustomize-5.8.1",
              "default": true
            }
          ],
          "store_path": "/nix/store/ribrf90mvlxwwcqblk20pwfr2ibczvpp-kustomize-5.8.1"
        },
        "x86_64-linux": {
          "outputs": [
            {
              "name": "out",
              "path": "/nix/store/abmras5k76igswjiz9p208rvjq7289v5-kustomize-5.8.1",
              "default": true
            }
          ],
          "store_path": "/nix/store/abmras5k76igswjiz9p208rvjq7289v5-kustomize-5.8.1"
        }
      }
    },
    "nodejs_20@latest": {
      "last_modified": "2026-02-23T15:40:43Z",
      "plugin_version": "0.0.2",
      "resolved": "github:NixOS/nixpkgs/80d901ec0377e19ac3f7bb8c035201e2e098cc97#nodejs_20",
      "source": "devbox-search",
      "version": "20.20.0",
      "systems": {
        "aarch64-darwin": {
          "outputs": [
            {
              "name": "out",
              "path": "/nix/store/p67sinyz9hpn55z1vwkxlfl8ijl06ry1-nodejs-20.20.0",
              "default": true
            }
          ],
          "store_path": "/nix/store/p67sinyz9hpn55z1vwkxlfl8ijl06ry1-nodejs-20.20.0"
        },
        "aarch64-linux": {
          "outputs": [
            {
              "name": "out",
              "path": "/nix/store/sl165k6kchm8vdz0mk8i3gv7kdppcldx-nodejs-20.20.0",
              "default": true
            }
          ],
          "store_path": "/nix/store/sl165k6kchm8vdz0mk8i3gv7kdppcldx-nodejs-20.20.0"
        },
        "x86_64-darwin": {
          "outputs": [
            {
              "name": "out",
              "path": "/nix/store/hi0i1f9hrjh3xrb7zmxxxry7yaan94qj-nodejs-20.20.0",
              "default": true
            }
          ],
          "store_path": "/nix/store/hi0i1f9hrjh3xrb7zmxxxry7yaan94qj-nodejs-20.20.0"
        },
        "x86_64-linux": {
          "outputs": [
            {
              "name": "out",
              "path": "/nix/store/9fs868i30kqm70753nz8y55n24cvavzh-nodejs-20.20.0",
              "default": true
            }
          ],
          "store_path": "/nix/store/9fs868i30kqm70753nz8y55n24cvavzh-nodejs-20.20.0"
        }
      }
    },
    "oras@latest": {
      "last_modified": "2026-02-23T15:40:43Z",
      "resolved": "github:NixOS/nixpkgs/80d901ec0377e19ac3f7bb8c035201e2e098cc97#oras",
      "source": "devbox-search",
      "version": "1.3.0",
      "systems": {
        "aarch64-darwin": {
          "outputs": [
            {
              "name": "out",
              "path": "/nix/store/9f38kvpcq8a6aj8l5d6rmgwdyk6nmm6p-oras-1.3.0",
              "default": true
            }
          ],
          "store_path": "/nix/store/9f38kvpcq8a6aj8l5d6rmgwdyk6nmm6p-oras-1.3.0"
        },
        "aarch64-linux": {
          "outputs": [
            {
              "name": "out",
              "path": "/nix/store/ir212s00l90gkd8fsn84g146ngpmk0j1-oras-1.3.0",
              "default": true
            }
          ],
          "store_path": "/nix/store/ir212s00l90gkd8fsn84g146ngpmk0j1-oras-1.3.0"
        },
        "x86_64-darwin": {
          "outputs": [
            {
              "name": "out",
              "path": "/nix/store/pqg1rfwy85fpmv4k8grc59zklgphv8ky-oras-1.3.0",
              "default": true
            }
          ],
          "store_path": "/nix/store/pqg1rfwy85fpmv4k8grc59zklgphv8ky-oras-1.3.0"
        },
        "x86_64-linux": {
          "outputs": [
            {
              "name": "out",
              "path": "/nix/store/389l2d0716kg80sp7i5hvnrxbxly5pwk-oras-1.3.0",
              "default": true
            }
          ],
          "store_path": "/nix/store/389l2d0716kg80sp7i5hvnrxbxly5pwk-oras-1.3.0"
        }
      }
    },
    "poetry@latest": {
      "last_modified": "2026-02-23T15:40:43Z",
      "plugin_version": "0.0.4",
      "resolved": "github:NixOS/nixpkgs/80d901ec0377e19ac3f7bb8c035201e2e098cc97#poetry",
      "source": "devbox-search",
      "version": "2.3.1",
      "systems": {
        "aarch64-darwin": {
          "outputs": [
            {
              "name": "out",
              "path": "/nix/store/2jl7rbxqk7146bnw3b0pi4i3rlc4gi0n-python3.13-poetry-2.3.1",
              "default": true
            },
            {
              "name": "dist",
              "path": "/nix/store/7c1s3yxwybhhc3k6rcirzyls1vw90s5y-python3.13-poetry-2.3.1-dist"
            }
          ],
          "store_path": "/nix/store/2jl7rbxqk7146bnw3b0pi4i3rlc4gi0n-python3.13-poetry-2.3.1"
        },
        "aarch64-linux": {
          "outputs": [
            {
              "name": "out",
              "path": "/nix/store/dcnp40byd43c5jrrrn8hvn5b43w2x8nw-python3.13-poetry-2.3.1",
              "default": true
            },
            {
              "name": "dist",
              "path": "/nix/store/6dq11ma1qkil9q278yqzbcvqijm934pc-python3.13-poetry-2.3.1-dist"
            }
          ],
          "store_path": "/nix/store/dcnp40byd43c5jrrrn8hvn5b43w2x8nw-python3.13-poetry-2.3.1"
        },
        "x86_64-darwin": {
          "outputs": [
            {
              "name": "out",
              "path": "/nix/store/8r7bkznnbfhxg20hnsacax4lk2glcacv-python3.13-poetry-2.3.1",
              "default": true
            },
            {
              "name": "dist",
              "path": "/nix/store/1l50cw1158pmrlp8z3d9ppr3m45h5557-python3.13-poetry-2.3.1-dist"
            }
          ],
          "store_path": "/nix/store/8r7bkznnbfhxg20hnsacax4lk2glcacv-python3.13-poetry-2.3.1"
        },
        "x86_64-linux": {
          "outputs": [
            {
              "name": "out",
              "path": "/nix/store/xzbqjg9vzjig2y8wznm3j0v42inj2ndc-python3.13-poetry-2.3.1",
              "default": true
            },
            {
              "name": "dist",
              "path": "/nix/store/0d1s0hhx9vb1grdb208gpzmk8j55pyd5-python3.13-poetry-2.3.1-dist"
            }
          ],
          "store_path": "/nix/store/xzbqjg9vzjig2y8wznm3j0v42inj2ndc-python3.13-poetry-2.3.1"
        }
      }
    },
    "python312@latest": {
      "last_modified": "2026-02-23T15:40:43Z",
      "plugin_version": "0.0.4",
      "resolved": "github:NixOS/nixpkgs/80d901ec0377e19ac3f7bb8c035201e2e098cc97#python312",
      "source": "devbox-search",
      "version": "3.12.12",
      "systems": {
        "aarch64-darwin": {
          "outputs": [
            {
              "name": "out",
              "path": "/nix/store/6m0sga6inpabxm4nh7ab8zvychy66d48-python3-3.12.12",
              "default": true
            }
          ],
          "store_path": "/nix/store/6m0sga6inpabxm4nh7ab8zvychy66d48-python3-3.12.12"
        },
        "aarch64-linux": {
          "outputs": [
            {
              "name": "out",
              "path": "/nix/store/p3dgpm3z2s0k2sf6838ybrqvz6r89ry2-python3-3.12.12",
              "default": true
            },
            {
              "name": "debug",
              "path": "/nix/store/xcz6h6sqxbhg07ccjh2qr2xxrnh4mc70-python3-3.12.12-debug"
            }
          ],
          "store_path": "/nix/store/p3dgpm3z2s0k2sf6838ybrqvz6r89ry2-python3-3.12.12"
        },
        "x86_64-darwin": {
          "outputs": [
            {
              "name": "out",
              "path": "/nix/store/ll4yja86q574m1gp3bzzk9wshcbl332k-python3-3.12.12",
              "default": true
            }
          ],
          "store_path": "/nix/store/ll4yja86q574m1gp3bzzk9wshcbl332k-python3-3.12.12"
        },
        "x86_64-linux": {
          "outputs": [
            {
              "name": "out",
              "path": "/nix/store/flbw79qdmvzbdrafd93avy5a7d29m2vb-python3-3.12.12",
              "default": true
            },
            {
              "name": "debug",
              "path": "/nix/store/pwz8rx97fb0laq9scg8zycmyh5xixa4a-python3-3.12.12-debug"
            }
          ],
          "store_path": "/nix/store/flbw79qdmvzbdrafd93avy5a7d29m2vb-python3-3.12.12"
        }
      }
    },
    "tilt@latest": {
      "last_modified": "2026-02-23T15:40:43Z",
      "resolved": "github:NixOS/nixpkgs/80d901ec0377e19ac3f7bb8c035201e2e098cc97#tilt",
      "source": "devbox-search",
      "version": "0.36.3",
      "systems": {
        "aarch64-darwin": {
          "outputs": [
            {
              "name": "out",
              "path": "/nix/store/hdq829l6mn2fk52fz047wn0midalb5wr-tilt-0.36.3",
              "default": true
            }
          ],
          "store_path": "/nix/store/hdq829l6mn2fk52fz047wn0midalb5wr-tilt-0.36.3"
        },
        "aarch64-linux": {
          "outputs": [
            {
              "name": "out",
              "path": "/nix/store/63gdcf5yq309grvndf824fj1097lbbl1-tilt-0.36.3",
              "default": true
            }
          ],
          "store_path": "/nix/store/63gdcf5yq309grvndf824fj1097lbbl1-tilt-0.36.3"
        },
        "x86_64-darwin": {
          "outputs": [
            {
              "name": "out",
              "path": "/nix/store/9jwnq51hrf8i5jnaypark4qah5wmzwfa-tilt-0.36.3",
              "default": true
            }
          ],
          "store_path": "/nix/store/9jwnq51hrf8i5jnaypark4qah5wmzwfa-tilt-0.36.3"
        },
        "x86_64-linux": {
          "outputs": [
            {
              "name": "out",
              "path": "/nix/store/1s297yp6r0c24llvjk4qaq30ccbzgnsc-tilt-0.36.3",
              "default": true
            }
          ],
          "store_path": "/nix/store/1s297yp6r0c24llvjk4qaq30ccbzgnsc-tilt-0.36.3"
        }
      }
    },
    "yq-go@latest": {
      "last_modified": "2026-02-23T15:40:43Z",
      "resolved": "github:NixOS/nixpkgs/80d901ec0377e19ac3f7bb8c035201e2e098cc97#yq-go",
      "source": "devbox-search",
      "version": "4.52.4",
      "systems": {
        "aarch64-darwin": {
          "outputs": [
            {
              "name": "out",
              "path": "/nix/store/pylgx3h8185sds4pclpzrsj6d4kx9ixq-yq-go-4.52.4",
              "default": true
            }
          ],
          "store_path": "/nix/store/pylgx3h8185sds4pclpzrsj6d4kx9ixq-yq-go-4.52.4"
        },
        "aarch64-linux": {
          "outputs": [
            {
              "name": "out",
              "path": "/nix/store/l4i5y4brr6f45y5pia48rx1n17q0a1kr-yq-go-4.52.4",
              "default": true
            }
          ],
          "store_path": "/nix/store/l4i5y4brr6f45y5pia48rx1n17q0a1kr-yq-go-4.52.4"
        },
        "x86_64-darwin": {
          "outputs": [
            {
              "name": "out",
              "path": "/nix/store/yw52il24d58bz6516da8y0c8iwv8ckcv-yq-go-4.52.4",
              "default": true
            }
          ],
          "store_path": "/nix/store/yw52il24d58bz6516da8y0c8iwv8ckcv-yq-go-4.52.4"
        },
        "x86_64-linux": {
          "outputs": [
            {
              "name": "out",
              "path": "/nix/store/rjic2hjhbmlch7vj3dnpfc5gppg9l654-yq-go-4.52.4",
              "default": true
            }
          ],
          "store_path": "/nix/store/rjic2hjhbmlch7vj3dnpfc5gppg9l654-yq-go-4.52.4"
        }
      }
    }
  }
}
