{
  "lockfile_version": "1",
  "packages": {
    "act@latest": {
      "last_modified": "2026-05-03T08:31:49Z",
      "resolved": "github:NixOS/nixpkgs/90c100cb48d61a0316b9479bb03f1be36d34b92a#act",
      "source": "devbox-search",
      "version": "0.2.88",
      "systems": {
        "aarch64-darwin": {
          "outputs": [
            {
              "name": "out",
              "path": "/nix/store/6v825dkzdphj1rachx9lbcz87v6b2602-act-0.2.88",
              "default": true
            }
          ],
          "store_path": "/nix/store/6v825dkzdphj1rachx9lbcz87v6b2602-act-0.2.88"
        },
        "aarch64-linux": {
          "outputs": [
            {
              "name": "out",
              "path": "/nix/store/zrn5v1jzhsird0n8aixxs4nlzh6nii2c-act-0.2.88",
              "default": true
            }
          ],
          "store_path": "/nix/store/zrn5v1jzhsird0n8aixxs4nlzh6nii2c-act-0.2.88"
        },
        "x86_64-darwin": {
          "outputs": [
            {
              "name": "out",
              "path": "/nix/store/30yg4wx0844b1rbbk0sbhhh8s73ikayc-act-0.2.88",
              "default": true
            }
          ],
          "store_path": "/nix/store/30yg4wx0844b1rbbk0sbhhh8s73ikayc-act-0.2.88"
        },
        "x86_64-linux": {
          "outputs": [
            {
              "name": "out",
              "path": "/nix/store/nra846ylpv636vmxyzlkli6w8zzfagc9-act-0.2.88",
              "default": true
            }
          ],
          "store_path": "/nix/store/nra846ylpv636vmxyzlkli6w8zzfagc9-act-0.2.88"
        }
      }
    },
    "civo@latest": {
      "last_modified": "2026-04-23T13:07:47Z",
      "resolved": "github:NixOS/nixpkgs/01fbdeef22b76df85ea168fbfe1bfd9e63681b30#civo",
      "source": "devbox-search",
      "version": "1.5.1",
      "systems": {
        "aarch64-darwin": {
          "outputs": [
            {
              "name": "out",
              "path": "/nix/store/ysmphgns90w21kfwbgx9d6cax4f7dal3-civo-1.5.1",
              "default": true
            }
          ],
          "store_path": "/nix/store/ysmphgns90w21kfwbgx9d6cax4f7dal3-civo-1.5.1"
        },
        "aarch64-linux": {
          "outputs": [
            {
              "name": "out",
              "path": "/nix/store/p3bhz72wg0cf4d429jnzlhmnd729hqz5-civo-1.5.1",
              "default": true
            }
          ],
          "store_path": "/nix/store/p3bhz72wg0cf4d429jnzlhmnd729hqz5-civo-1.5.1"
        },
        "x86_64-darwin": {
          "outputs": [
            {
              "name": "out",
              "path": "/nix/store/xq2bdrim15n44r0wpv2ykbwvwv75w11z-civo-1.5.1",
              "default": true
            }
          ],
          "store_path": "/nix/store/xq2bdrim15n44r0wpv2ykbwvwv75w11z-civo-1.5.1"
        },
        "x86_64-linux": {
          "outputs": [
            {
              "name": "out",
              "path": "/nix/store/sisr4q9v7kgapfsc83r65d2qwg383xsd-civo-1.5.1",
              "default": true
            }
          ],
          "store_path": "/nix/store/sisr4q9v7kgapfsc83r65d2qwg383xsd-civo-1.5.1"
        }
      }
    },
    "envsubst@latest": {
      "last_modified": "2026-04-23T13:07:47Z",
      "resolved": "github:NixOS/nixpkgs/01fbdeef22b76df85ea168fbfe1bfd9e63681b30#envsubst",
      "source": "devbox-search",
      "version": "1.4.3",
      "systems": {
        "aarch64-darwin": {
          "outputs": [
            {
              "name": "out",
              "path": "/nix/store/rqxmyb2vn17ydi41hd3s569hvjzlglz3-envsubst-1.4.3",
              "default": true
            }
          ],
          "store_path": "/nix/store/rqxmyb2vn17ydi41hd3s569hvjzlglz3-envsubst-1.4.3"
        },
        "aarch64-linux": {
          "outputs": [
            {
              "name": "out",
              "path": "/nix/store/ssswyqs8ajqhh09ycbsfi860dhc6ibf3-envsubst-1.4.3",
              "default": true
            }
          ],
          "store_path": "/nix/store/ssswyqs8ajqhh09ycbsfi860dhc6ibf3-envsubst-1.4.3"
        },
        "x86_64-darwin": {
          "outputs": [
            {
              "name": "out",
              "path": "/nix/store/m0jqyn17yyshjcfgp4dp2sf1a8d62caz-envsubst-1.4.3",
              "default": true
            }
          ],
          "store_path": "/nix/store/m0jqyn17yyshjcfgp4dp2sf1a8d62caz-envsubst-1.4.3"
        },
        "x86_64-linux": {
          "outputs": [
            {
              "name": "out",
              "path": "/nix/store/g55jh2dasglbpj2w0rfxw58k6zkbic29-envsubst-1.4.3",
              "default": true
            }
          ],
          "store_path": "/nix/store/g55jh2dasglbpj2w0rfxw58k6zkbic29-envsubst-1.4.3"
        }
      }
    },
    "gh@latest": {
      "last_modified": "2026-05-01T13:14:57Z",
      "resolved": "github:NixOS/nixpkgs/c6d65881c5624c9cae5ea6cedef24699b0c0a4c0#gh",
      "source": "devbox-search",
      "version": "2.92.0",
      "systems": {
        "aarch64-darwin": {
          "outputs": [
            {
              "name": "out",
              "path": "/nix/store/iqnlcrakmwilxwwm2v127lvic5f11wj4-gh-2.92.0",
              "default": true
            }
          ],
          "store_path": "/nix/store/iqnlcrakmwilxwwm2v127lvic5f11wj4-gh-2.92.0"
        },
        "aarch64-linux": {
          "outputs": [
            {
              "name": "out",
              "path": "/nix/store/rh89irgvdyragn9269ja281wz97rrzjp-gh-2.92.0",
              "default": true
            }
          ],
          "store_path": "/nix/store/rh89irgvdyragn9269ja281wz97rrzjp-gh-2.92.0"
        },
        "x86_64-darwin": {
          "outputs": [
            {
              "name": "out",
              "path": "/nix/store/v2baccv5siwfhqdk8lz570vncd3i5ali-gh-2.92.0",
              "default": true
            }
          ],
          "store_path": "/nix/store/v2baccv5siwfhqdk8lz570vncd3i5ali-gh-2.92.0"
        },
        "x86_64-linux": {
          "outputs": [
            {
              "name": "out",
              "path": "/nix/store/y3m73nv1ry783kqfjqq17p3kxxaxx5d1-gh-2.92.0",
              "default": true
            }
          ],
          "store_path": "/nix/store/y3m73nv1ry783kqfjqq17p3kxxaxx5d1-gh-2.92.0"
        }
      }
    },
    "github:NixOS/nixpkgs/nixpkgs-unstable": {
      "last_modified": "2026-05-08T21:03:27Z",
      "resolved": "github:NixOS/nixpkgs/b3da656039dc7a6240f27b2ef8cc6a3ef3bccae7?lastModified=1778274207&narHash=sha256-I4puXmX1iovcCHZlRmztO3vW0mAbbRvq4F8wgIMQ1MM%3D"
    },
    "go-task@latest": {
      "last_modified": "2026-04-23T13:07:47Z",
      "resolved": "github:NixOS/nixpkgs/01fbdeef22b76df85ea168fbfe1bfd9e63681b30#go-task",
      "source": "devbox-search",
      "version": "3.48.0",
      "systems": {
        "aarch64-darwin": {
          "outputs": [
            {
              "name": "out",
              "path": "/nix/store/gx97hxd28ymbxf2nj4kq6masld4qk7yw-go-task-3.48.0",
              "default": true
            }
          ],
          "store_path": "/nix/store/gx97hxd28ymbxf2nj4kq6masld4qk7yw-go-task-3.48.0"
        },
        "aarch64-linux": {
          "outputs": [
            {
              "name": "out",
              "path": "/nix/store/di0pkf2d113g9nkcbm4p51sgivfbkcxg-go-task-3.48.0",
              "default": true
            }
          ],
          "store_path": "/nix/store/di0pkf2d113g9nkcbm4p51sgivfbkcxg-go-task-3.48.0"
        },
        "x86_64-darwin": {
          "outputs": [
            {
              "name": "out",
              "path": "/nix/store/4mdamkq6v7xi11525ah95nb4psdd1a9m-go-task-3.48.0",
              "default": true
            }
          ],
          "store_path": "/nix/store/4mdamkq6v7xi11525ah95nb4psdd1a9m-go-task-3.48.0"
        },
        "x86_64-linux": {
          "outputs": [
            {
              "name": "out",
              "path": "/nix/store/gak3jfx9splyph60r0vvvv24vjcwyakx-go-task-3.48.0",
              "default": true
            }
          ],
          "store_path": "/nix/store/gak3jfx9splyph60r0vvvv24vjcwyakx-go-task-3.48.0"
        }
      }
    },
    "go@latest": {
      "last_modified": "2026-04-23T13:07:47Z",
      "resolved": "github:NixOS/nixpkgs/01fbdeef22b76df85ea168fbfe1bfd9e63681b30#go",
      "source": "devbox-search",
      "version": "1.26.2",
      "systems": {
        "aarch64-darwin": {
          "outputs": [
            {
              "name": "out",
              "path": "/nix/store/fkzywh7rg8lg1n2p0r161iqjwhz540wx-go-1.26.2",
              "default": true
            }
          ],
          "store_path": "/nix/store/fkzywh7rg8lg1n2p0r161iqjwhz540wx-go-1.26.2"
        },
        "aarch64-linux": {
          "outputs": [
            {
              "name": "out",
              "path": "/nix/store/w4i7p78y3735jcy69sk4lcy9zyxr0cav-go-1.26.2",
              "default": true
            }
          ],
          "store_path": "/nix/store/w4i7p78y3735jcy69sk4lcy9zyxr0cav-go-1.26.2"
        },
        "x86_64-darwin": {
          "outputs": [
            {
              "name": "out",
              "path": "/nix/store/g0b45l45nlb1kqiywzja7fh49yn7lla5-go-1.26.2",
              "default": true
            }
          ],
          "store_path": "/nix/store/g0b45l45nlb1kqiywzja7fh49yn7lla5-go-1.26.2"
        },
        "x86_64-linux": {
          "outputs": [
            {
              "name": "out",
              "path": "/nix/store/dimnagks1qsp7180yw74z0npp7z2ihs3-go-1.26.2",
              "default": true
            }
          ],
          "store_path": "/nix/store/dimnagks1qsp7180yw74z0npp7z2ihs3-go-1.26.2"
        }
      }
    },
    "gum@latest": {
      "last_modified": "2026-04-23T13:07:47Z",
      "resolved": "github:NixOS/nixpkgs/01fbdeef22b76df85ea168fbfe1bfd9e63681b30#gum",
      "source": "devbox-search",
      "version": "0.17.0",
      "systems": {
        "aarch64-darwin": {
          "outputs": [
            {
              "name": "out",
              "path": "/nix/store/ba53aq5kpjm2qb817qgxswy2hvnkxnyj-gum-0.17.0",
              "default": true
            }
          ],
          "store_path": "/nix/store/ba53aq5kpjm2qb817qgxswy2hvnkxnyj-gum-0.17.0"
        },
        "aarch64-linux": {
          "outputs": [
            {
              "name": "out",
              "path": "/nix/store/3hlyv3x7jjn5364f08jw0bic3zddqhxc-gum-0.17.0",
              "default": true
            }
          ],
          "store_path": "/nix/store/3hlyv3x7jjn5364f08jw0bic3zddqhxc-gum-0.17.0"
        },
        "x86_64-darwin": {
          "outputs": [
            {
              "name": "out",
              "path": "/nix/store/qkwxvmldb9a8nmqq6aqqd47gj3pxwx42-gum-0.17.0",
              "default": true
            }
          ],
          "store_path": "/nix/store/qkwxvmldb9a8nmqq6aqqd47gj3pxwx42-gum-0.17.0"
        },
        "x86_64-linux": {
          "outputs": [
            {
              "name": "out",
              "path": "/nix/store/c149nbx8xh8knvply95623gnwqds19xr-gum-0.17.0",
              "default": true
            }
          ],
          "store_path": "/nix/store/c149nbx8xh8knvply95623gnwqds19xr-gum-0.17.0"
        }
      }
    },
    "jq@latest": {
      "last_modified": "2026-05-06T02:58:03Z",
      "resolved": "github:NixOS/nixpkgs/ed67bc86e84e51d4a88e73c7fd36006dc876476f#jq",
      "source": "devbox-search",
      "version": "1.8.1",
      "systems": {
        "aarch64-darwin": {
          "outputs": [
            {
              "name": "bin",
              "path": "/nix/store/zpaiv3csv85i5qdhwlivlbg8a5clnqmh-jq-1.8.1-bin",
              "default": true
            },
            {
              "name": "man",
              "path": "/nix/store/vs9rx9xgqachcay4mn95m1gwifzxrhm4-jq-1.8.1-man",
              "default": true
            },
            {
              "name": "dev",
              "path": "/nix/store/h46rnp90pvk5ky12r9drbzhl1fqlmjnf-jq-1.8.1-dev"
            },
            {
              "name": "doc",
              "path": "/nix/store/iksz05vk9j78ls9agfg9blhax9azgv69-jq-1.8.1-doc"
            },
            {
              "name": "out",
              "path": "/nix/store/inmyqx7646xrcqrwxipacv5gkf3ca6m3-jq-1.8.1"
            }
          ],
          "store_path": "/nix/store/zpaiv3csv85i5qdhwlivlbg8a5clnqmh-jq-1.8.1-bin"
        },
        "aarch64-linux": {
          "outputs": [
            {
              "name": "bin",
              "path": "/nix/store/blgzs73jx017qji4n78v4wg1qxcg3cav-jq-1.8.1-bin",
              "default": true
            },
            {
              "name": "man",
              "path": "/nix/store/s8h2klkc7rw485yqj3s73ancc5915v2m-jq-1.8.1-man",
              "default": true
            },
            {
              "name": "doc",
              "path": "/nix/store/r992wf8cylhf9ayxwf64lawdfxcr4cl8-jq-1.8.1-doc"
            },
            {
              "name": "out",
              "path": "/nix/store/2v9443fs97gdg5mz9lk3q603hryhqijm-jq-1.8.1"
            },
            {
              "name": "dev",
              "path": "/nix/store/lx675fc624glij1dh9iw89pavkvfkv73-jq-1.8.1-dev"
            }
          ],
          "store_path": "/nix/store/blgzs73jx017qji4n78v4wg1qxcg3cav-jq-1.8.1-bin"
        },
        "x86_64-darwin": {
          "outputs": [
            {
              "name": "bin",
              "path": "/nix/store/cpq0n6nrgs7jwyr121qshzk2fvjkmjbh-jq-1.8.1-bin",
              "default": true
            },
            {
              "name": "man",
              "path": "/nix/store/flsm1xvpbr9681y4y8101v5c5m3qmcim-jq-1.8.1-man",
              "default": true
            },
            {
              "name": "dev",
              "path": "/nix/store/0p7h41icsq99c08sym6iw4wzdsl35r13-jq-1.8.1-dev"
            },
            {
              "name": "doc",
              "path": "/nix/store/h6wn2lzbxq1v2dypaj4kpv4nnkkm9yld-jq-1.8.1-doc"
            },
            {
              "name": "out",
              "path": "/nix/store/spn7m9y4302yvw9zafpy1g2sz3z9xnx1-jq-1.8.1"
            }
          ],
          "store_path": "/nix/store/cpq0n6nrgs7jwyr121qshzk2fvjkmjbh-jq-1.8.1-bin"
        },
        "x86_64-linux": {
          "outputs": [
            {
              "name": "bin",
              "path": "/nix/store/v5c3inhfq6xshmwg1c254vfbcy4jp3k9-jq-1.8.1-bin",
              "default": true
            },
            {
              "name": "man",
              "path": "/nix/store/lsyqny7h1riwhzajwy2vjjdd63viiwvm-jq-1.8.1-man",
              "default": true
            },
            {
              "name": "out",
              "path": "/nix/store/09bq2i0kb008ccg3qdbyxv81ggxxnn09-jq-1.8.1"
            },
            {
              "name": "dev",
              "path": "/nix/store/p8x5zv9s9qg3ld8b7jdm03hkpdqybjl9-jq-1.8.1-dev"
            },
            {
              "name": "doc",
              "path": "/nix/store/g2wlgi44rn837jdirpwi3lk5f2iy13zg-jq-1.8.1-doc"
            }
          ],
          "store_path": "/nix/store/v5c3inhfq6xshmwg1c254vfbcy4jp3k9-jq-1.8.1-bin"
        }
      }
    },
    "k9s@latest": {
      "last_modified": "2026-04-23T13:07:47Z",
      "resolved": "github:NixOS/nixpkgs/01fbdeef22b76df85ea168fbfe1bfd9e63681b30#k9s",
      "source": "devbox-search",
      "version": "0.50.18",
      "systems": {
        "aarch64-darwin": {
          "outputs": [
            {
              "name": "out",
              "path": "/nix/store/n73c5n190vmjv1dr86k8c9p0ckd9j7qa-k9s-0.50.18",
              "default": true
            }
          ],
          "store_path": "/nix/store/n73c5n190vmjv1dr86k8c9p0ckd9j7qa-k9s-0.50.18"
        },
        "aarch64-linux": {
          "outputs": [
            {
              "name": "out",
              "path": "/nix/store/0qbiid6irrxpm828slmz0rxz0cy62gdn-k9s-0.50.18",
              "default": true
            }
          ],
          "store_path": "/nix/store/0qbiid6irrxpm828slmz0rxz0cy62gdn-k9s-0.50.18"
        },
        "x86_64-darwin": {
          "outputs": [
            {
              "name": "out",
              "path": "/nix/store/fhia35654vwsph1mp77pkpi65l3zd3v8-k9s-0.50.18",
              "default": true
            }
          ],
          "store_path": "/nix/store/fhia35654vwsph1mp77pkpi65l3zd3v8-k9s-0.50.18"
        },
        "x86_64-linux": {
          "outputs": [
            {
              "name": "out",
              "path": "/nix/store/pjj5yxwfcfhcmhz28a2gyspl9g1bvwch-k9s-0.50.18",
              "default": true
            }
          ],
          "store_path": "/nix/store/pjj5yxwfcfhcmhz28a2gyspl9g1bvwch-k9s-0.50.18"
        }
      }
    },
    "kind@latest": {
      "last_modified": "2026-04-23T13:07:47Z",
      "resolved": "github:NixOS/nixpkgs/01fbdeef22b76df85ea168fbfe1bfd9e63681b30#kind",
      "source": "devbox-search",
      "version": "0.31.0",
      "systems": {
        "aarch64-darwin": {
          "outputs": [
            {
              "name": "out",
              "path": "/nix/store/fywhk0y82zwlrfafmimyms7660q9bqrm-kind-0.31.0",
              "default": true
            }
          ],
          "store_path": "/nix/store/fywhk0y82zwlrfafmimyms7660q9bqrm-kind-0.31.0"
        },
        "aarch64-linux": {
          "outputs": [
            {
              "name": "out",
              "path": "/nix/store/j4bx0jvpkxm48h5c0dnzkzsg9m8aghza-kind-0.31.0",
              "default": true
            }
          ],
          "store_path": "/nix/store/j4bx0jvpkxm48h5c0dnzkzsg9m8aghza-kind-0.31.0"
        },
        "x86_64-darwin": {
          "outputs": [
            {
              "name": "out",
              "path": "/nix/store/cz5xwcp1lv0ziazwl4ndmsq2wpmfx2vc-kind-0.31.0",
              "default": true
            }
          ],
          "store_path": "/nix/store/cz5xwcp1lv0ziazwl4ndmsq2wpmfx2vc-kind-0.31.0"
        },
        "x86_64-linux": {
          "outputs": [
            {
              "name": "out",
              "path": "/nix/store/v0imzwg6qdg2pwl1xmwxmz2vkz1i4xag-kind-0.31.0",
              "default": true
            }
          ],
          "store_path": "/nix/store/v0imzwg6qdg2pwl1xmwxmz2vkz1i4xag-kind-0.31.0"
        }
      }
    },
    "kluctl@latest": {
      "last_modified": "2026-04-23T13:07:47Z",
      "resolved": "github:NixOS/nixpkgs/01fbdeef22b76df85ea168fbfe1bfd9e63681b30#kluctl",
      "source": "devbox-search",
      "version": "2.27.0",
      "systems": {
        "aarch64-darwin": {
          "outputs": [
            {
              "name": "out",
              "path": "/nix/store/kjkqxydh4akqw07zr8z5qn18x3bdq5zd-kluctl-2.27.0",
              "default": true
            }
          ],
          "store_path": "/nix/store/kjkqxydh4akqw07zr8z5qn18x3bdq5zd-kluctl-2.27.0"
        },
        "aarch64-linux": {
          "outputs": [
            {
              "name": "out",
              "path": "/nix/store/zdm7g2sf4zkzxzsq97hk9mjd1hx8a6rr-kluctl-2.27.0",
              "default": true
            }
          ],
          "store_path": "/nix/store/zdm7g2sf4zkzxzsq97hk9mjd1hx8a6rr-kluctl-2.27.0"
        },
        "x86_64-darwin": {
          "outputs": [
            {
              "name": "out",
              "path": "/nix/store/446dmfjg1nmfg5jj44q975hj6qk2zzqv-kluctl-2.27.0",
              "default": true
            }
          ],
          "store_path": "/nix/store/446dmfjg1nmfg5jj44q975hj6qk2zzqv-kluctl-2.27.0"
        },
        "x86_64-linux": {
          "outputs": [
            {
              "name": "out",
              "path": "/nix/store/f71zyygzplm8ffvp364iqcxkj1alawsd-kluctl-2.27.0",
              "default": true
            }
          ],
          "store_path": "/nix/store/f71zyygzplm8ffvp364iqcxkj1alawsd-kluctl-2.27.0"
        }
      }
    },
    "ko@latest": {
      "last_modified": "2026-04-23T13:07:47Z",
      "resolved": "github:NixOS/nixpkgs/01fbdeef22b76df85ea168fbfe1bfd9e63681b30#ko",
      "source": "devbox-search",
      "version": "0.18.1",
      "systems": {
        "aarch64-darwin": {
          "outputs": [
            {
              "name": "out",
              "path": "/nix/store/4l1hfi9ldkmdmq1k2xzxmmff5v6xbc69-ko-0.18.1",
              "default": true
            }
          ],
          "store_path": "/nix/store/4l1hfi9ldkmdmq1k2xzxmmff5v6xbc69-ko-0.18.1"
        },
        "aarch64-linux": {
          "outputs": [
            {
              "name": "out",
              "path": "/nix/store/qib660j7jz1fj0c02i0xd8dgwb9rq3nx-ko-0.18.1",
              "default": true
            }
          ],
          "store_path": "/nix/store/qib660j7jz1fj0c02i0xd8dgwb9rq3nx-ko-0.18.1"
        },
        "x86_64-darwin": {
          "outputs": [
            {
              "name": "out",
              "path": "/nix/store/fjpzszdzgr3wsggkz9yyngcpk7c7ji8k-ko-0.18.1",
              "default": true
            }
          ],
          "store_path": "/nix/store/fjpzszdzgr3wsggkz9yyngcpk7c7ji8k-ko-0.18.1"
        },
        "x86_64-linux": {
          "outputs": [
            {
              "name": "out",
              "path": "/nix/store/xsg4in2vsgl0mqhdmr4lbs3i13629d9l-ko-0.18.1",
              "default": true
            }
          ],
          "store_path": "/nix/store/xsg4in2vsgl0mqhdmr4lbs3i13629d9l-ko-0.18.1"
        }
      }
    },
    "kubectl@latest": {
      "last_modified": "2026-05-01T13:14:57Z",
      "resolved": "github:NixOS/nixpkgs/c6d65881c5624c9cae5ea6cedef24699b0c0a4c0#kubectl",
      "source": "devbox-search",
      "version": "1.36.0",
      "systems": {
        "aarch64-darwin": {
          "outputs": [
            {
              "name": "out",
              "path": "/nix/store/l13221pknyi76zx7vjv7h4qngprcfcjd-kubectl-1.36.0",
              "default": true
            },
            {
              "name": "man",
              "path": "/nix/store/kml6r55gfz7arl2pkb1i95wcv8qx7kdq-kubectl-1.36.0-man",
              "default": true
            },
            {
              "name": "convert",
              "path": "/nix/store/i82k8azv54nvbvlqkxsibq760fsc8p6c-kubectl-1.36.0-convert"
            }
          ],
          "store_path": "/nix/store/l13221pknyi76zx7vjv7h4qngprcfcjd-kubectl-1.36.0"
        },
        "aarch64-linux": {
          "outputs": [
            {
              "name": "out",
              "path": "/nix/store/0aidqq6r57iy85i9i04n8fxys5nph9m6-kubectl-1.36.0",
              "default": true
            },
            {
              "name": "man",
              "path": "/nix/store/khsk90hhkivnhxafp28higi05zndxfnx-kubectl-1.36.0-man",
              "default": true
            },
            {
              "name": "convert",
              "path": "/nix/store/lgmya39c4m9ajk120ny4y011fsq9rz6c-kubectl-1.36.0-convert"
            }
          ],
          "store_path": "/nix/store/0aidqq6r57iy85i9i04n8fxys5nph9m6-kubectl-1.36.0"
        },
        "x86_64-darwin": {
          "outputs": [
            {
              "name": "out",
              "path": "/nix/store/fhl0rmhhnhdhrb7y1yy9y15gxwrq44lf-kubectl-1.36.0",
              "default": true
            },
            {
              "name": "man",
              "path": "/nix/store/1k8krz6yxb2zxvvvncdxhbn62f0p2wx8-kubectl-1.36.0-man",
              "default": true
            },
            {
              "name": "convert",
              "path": "/nix/store/hq392ccg39naw49pk9ypywknw1i4r4a2-kubectl-1.36.0-convert"
            }
          ],
          "store_path": "/nix/store/fhl0rmhhnhdhrb7y1yy9y15gxwrq44lf-kubectl-1.36.0"
        },
        "x86_64-linux": {
          "outputs": [
            {
              "name": "out",
              "path": "/nix/store/3m8v5sg477z1v8c8kwrf8p3rqsm5gs3j-kubectl-1.36.0",
              "default": true
            },
            {
              "name": "man",
              "path": "/nix/store/gcv450pkhcdcnjqgmrch45afvdww43c1-kubectl-1.36.0-man",
              "default": true
            },
            {
              "name": "convert",
              "path": "/nix/store/04srrf0168d1fq2mwfvml64hqhz2n883-kubectl-1.36.0-convert"
            }
          ],
          "store_path": "/nix/store/3m8v5sg477z1v8c8kwrf8p3rqsm5gs3j-kubectl-1.36.0"
        }
      }
    },
    "kubectx@latest": {
      "last_modified": "2026-04-23T13:07:47Z",
      "resolved": "github:NixOS/nixpkgs/01fbdeef22b76df85ea168fbfe1bfd9e63681b30#kubectx",
      "source": "devbox-search",
      "version": "0.11.0",
      "systems": {
        "aarch64-darwin": {
          "outputs": [
            {
              "name": "out",
              "path": "/nix/store/9c5i4yvyz5hkhh0a8462f0yznwgggqjz-kubectx-0.11.0",
              "default": true
            }
          ],
          "store_path": "/nix/store/9c5i4yvyz5hkhh0a8462f0yznwgggqjz-kubectx-0.11.0"
        },
        "aarch64-linux": {
          "outputs": [
            {
              "name": "out",
              "path": "/nix/store/vg83rxr3ddbs85m1z6n9xyh9wp2k5h57-kubectx-0.11.0",
              "default": true
            }
          ],
          "store_path": "/nix/store/vg83rxr3ddbs85m1z6n9xyh9wp2k5h57-kubectx-0.11.0"
        },
        "x86_64-darwin": {
          "outputs": [
            {
              "name": "out",
              "path": "/nix/store/c3zss06m3v2ivhafg21m25vf8qs6swb7-kubectx-0.11.0",
              "default": true
            }
          ],
          "store_path": "/nix/store/c3zss06m3v2ivhafg21m25vf8qs6swb7-kubectx-0.11.0"
        },
        "x86_64-linux": {
          "outputs": [
            {
              "name": "out",
              "path": "/nix/store/nsbl3bipjy8y8xgjfyjd64c1zlrmdcqv-kubectx-0.11.0",
              "default": true
            }
          ],
          "store_path": "/nix/store/nsbl3bipjy8y8xgjfyjd64c1zlrmdcqv-kubectx-0.11.0"
        }
      }
    },
    "kubent@latest": {
      "last_modified": "2026-04-23T13:07:47Z",
      "resolved": "github:NixOS/nixpkgs/01fbdeef22b76df85ea168fbfe1bfd9e63681b30#kubent",
      "source": "devbox-search",
      "version": "0.7.3",
      "systems": {
        "aarch64-darwin": {
          "outputs": [
            {
              "name": "out",
              "path": "/nix/store/xh27r5d7nsidyx3qskbl36bi6h1dgyj5-kubent-0.7.3",
              "default": true
            }
          ],
          "store_path": "/nix/store/xh27r5d7nsidyx3qskbl36bi6h1dgyj5-kubent-0.7.3"
        },
        "aarch64-linux": {
          "outputs": [
            {
              "name": "out",
              "path": "/nix/store/y28py5ca65ajhb36rsn8i76b76df888m-kubent-0.7.3",
              "default": true
            }
          ],
          "store_path": "/nix/store/y28py5ca65ajhb36rsn8i76b76df888m-kubent-0.7.3"
        },
        "x86_64-darwin": {
          "outputs": [
            {
              "name": "out",
              "path": "/nix/store/9gdfvfsbax96pk5hsvw0rf88dksv7a7h-kubent-0.7.3",
              "default": true
            }
          ],
          "store_path": "/nix/store/9gdfvfsbax96pk5hsvw0rf88dksv7a7h-kubent-0.7.3"
        },
        "x86_64-linux": {
          "outputs": [
            {
              "name": "out",
              "path": "/nix/store/x8r41fwp9allnlippnsfjqs9qcg4gk6c-kubent-0.7.3",
              "default": true
            }
          ],
          "store_path": "/nix/store/x8r41fwp9allnlippnsfjqs9qcg4gk6c-kubent-0.7.3"
        }
      }
    },
    "kubernetes-helm@latest": {
      "last_modified": "2026-04-23T13:07:47Z",
      "resolved": "github:NixOS/nixpkgs/01fbdeef22b76df85ea168fbfe1bfd9e63681b30#kubernetes-helm",
      "source": "devbox-search",
      "version": "3.20.2",
      "systems": {
        "aarch64-darwin": {
          "outputs": [
            {
              "name": "out",
              "path": "/nix/store/aa9sfjsr2w4g8xg6n9jznh18wvan4bwm-kubernetes-helm-3.20.2",
              "default": true
            }
          ],
          "store_path": "/nix/store/aa9sfjsr2w4g8xg6n9jznh18wvan4bwm-kubernetes-helm-3.20.2"
        },
        "aarch64-linux": {
          "outputs": [
            {
              "name": "out",
              "path": "/nix/store/wl1mr80ci6hj5x6nscdxqcalw2ppjf2r-kubernetes-helm-3.20.2",
              "default": true
            }
          ],
          "store_path": "/nix/store/wl1mr80ci6hj5x6nscdxqcalw2ppjf2r-kubernetes-helm-3.20.2"
        },
        "x86_64-darwin": {
          "outputs": [
            {
              "name": "out",
              "path": "/nix/store/4b3hmzwr3ydsc9gh7rv665bgp4qf2n7z-kubernetes-helm-3.20.2",
              "default": true
            }
          ],
          "store_path": "/nix/store/4b3hmzwr3ydsc9gh7rv665bgp4qf2n7z-kubernetes-helm-3.20.2"
        },
        "x86_64-linux": {
          "outputs": [
            {
              "name": "out",
              "path": "/nix/store/2qwwk0cxj9qx9c79hdhja4s4wmzikia5-kubernetes-helm-3.20.2",
              "default": true
            }
          ],
          "store_path": "/nix/store/2qwwk0cxj9qx9c79hdhja4s4wmzikia5-kubernetes-helm-3.20.2"
        }
      }
    },
    "kustomize@latest": {
      "last_modified": "2026-04-23T13:07:47Z",
      "resolved": "github:NixOS/nixpkgs/01fbdeef22b76df85ea168fbfe1bfd9e63681b30#kustomize",
      "source": "devbox-search",
      "version": "5.8.1",
      "systems": {
        "aarch64-darwin": {
          "outputs": [
            {
              "name": "out",
              "path": "/nix/store/nygpzb95q240lpvfn842dqxmg5lydbwz-kustomize-5.8.1",
              "default": true
            }
          ],
          "store_path": "/nix/store/nygpzb95q240lpvfn842dqxmg5lydbwz-kustomize-5.8.1"
        },
        "aarch64-linux": {
          "outputs": [
            {
              "name": "out",
              "path": "/nix/store/qm4n795kz9j4d99ka6lqf2lb2s59wapv-kustomize-5.8.1",
              "default": true
            }
          ],
          "store_path": "/nix/store/qm4n795kz9j4d99ka6lqf2lb2s59wapv-kustomize-5.8.1"
        },
        "x86_64-darwin": {
          "outputs": [
            {
              "name": "out",
              "path": "/nix/store/b463kzh5k6kk4pfayi7jp671y652k1lf-kustomize-5.8.1",
              "default": true
            }
          ],
          "store_path": "/nix/store/b463kzh5k6kk4pfayi7jp671y652k1lf-kustomize-5.8.1"
        },
        "x86_64-linux": {
          "outputs": [
            {
              "name": "out",
              "path": "/nix/store/5wlzhdsg94idi37da744v3anrqyvlvmc-kustomize-5.8.1",
              "default": true
            }
          ],
          "store_path": "/nix/store/5wlzhdsg94idi37da744v3anrqyvlvmc-kustomize-5.8.1"
        }
      }
    },
    "nodejs_20@latest": {
      "last_modified": "2026-04-23T13:07:47Z",
      "plugin_version": "0.0.2",
      "resolved": "github:NixOS/nixpkgs/01fbdeef22b76df85ea168fbfe1bfd9e63681b30#nodejs_20",
      "source": "devbox-search",
      "version": "20.20.2",
      "systems": {
        "aarch64-darwin": {
          "outputs": [
            {
              "name": "out",
              "path": "/nix/store/gvr230jrjzznrhlmfymjj37x0dx3srvv-nodejs-20.20.2",
              "default": true
            }
          ],
          "store_path": "/nix/store/gvr230jrjzznrhlmfymjj37x0dx3srvv-nodejs-20.20.2"
        },
        "aarch64-linux": {
          "outputs": [
            {
              "name": "out",
              "path": "/nix/store/jx5whkya850cy6a1fjf74p5dfqlcp1cq-nodejs-20.20.2",
              "default": true
            }
          ],
          "store_path": "/nix/store/jx5whkya850cy6a1fjf74p5dfqlcp1cq-nodejs-20.20.2"
        },
        "x86_64-darwin": {
          "outputs": [
            {
              "name": "out",
              "path": "/nix/store/ggqdy8b4b62gr1ak2v41dka5s1dmflzk-nodejs-20.20.2",
              "default": true
            }
          ],
          "store_path": "/nix/store/ggqdy8b4b62gr1ak2v41dka5s1dmflzk-nodejs-20.20.2"
        },
        "x86_64-linux": {
          "outputs": [
            {
              "name": "out",
              "path": "/nix/store/nr0dnrnibq8114xa0i7zr7qg6n05q03g-nodejs-20.20.2",
              "default": true
            }
          ],
          "store_path": "/nix/store/nr0dnrnibq8114xa0i7zr7qg6n05q03g-nodejs-20.20.2"
        }
      }
    },
    "oras@latest": {
      "last_modified": "2026-04-23T13:07:47Z",
      "resolved": "github:NixOS/nixpkgs/01fbdeef22b76df85ea168fbfe1bfd9e63681b30#oras",
      "source": "devbox-search",
      "version": "1.3.0",
      "systems": {
        "aarch64-darwin": {
          "outputs": [
            {
              "name": "out",
              "path": "/nix/store/wrrcfwbnajw1q3w8gld5h68fjdhxdi13-oras-1.3.0",
              "default": true
            }
          ],
          "store_path": "/nix/store/wrrcfwbnajw1q3w8gld5h68fjdhxdi13-oras-1.3.0"
        },
        "aarch64-linux": {
          "outputs": [
            {
              "name": "out",
              "path": "/nix/store/z2rjc6aywvrs2bs1c4mz6f8i81p1fnhn-oras-1.3.0",
              "default": true
            }
          ],
          "store_path": "/nix/store/z2rjc6aywvrs2bs1c4mz6f8i81p1fnhn-oras-1.3.0"
        },
        "x86_64-darwin": {
          "outputs": [
            {
              "name": "out",
              "path": "/nix/store/3b10rslily9p5vf74bs4w6wmcirz5g7k-oras-1.3.0",
              "default": true
            }
          ],
          "store_path": "/nix/store/3b10rslily9p5vf74bs4w6wmcirz5g7k-oras-1.3.0"
        },
        "x86_64-linux": {
          "outputs": [
            {
              "name": "out",
              "path": "/nix/store/yfj22zavvz9mmscv8w9v9f17msargqp8-oras-1.3.0",
              "default": true
            }
          ],
          "store_path": "/nix/store/yfj22zavvz9mmscv8w9v9f17msargqp8-oras-1.3.0"
        }
      }
    },
    "poetry@latest": {
      "last_modified": "2026-04-29T01:19:07Z",
      "plugin_version": "0.0.4",
      "resolved": "github:NixOS/nixpkgs/ebc08544afa77957cc348ba72dc490ec73b87f68#poetry",
      "source": "devbox-search",
      "version": "2.3.4",
      "systems": {
        "aarch64-darwin": {
          "outputs": [
            {
              "name": "out",
              "path": "/nix/store/d5p84hm6kd0phz9ynbzspapnld8saknx-python3.13-poetry-2.3.4",
              "default": true
            },
            {
              "name": "dist",
              "path": "/nix/store/34iip85sfmnjglxbmaskji0d6ns3cb7q-python3.13-poetry-2.3.4-dist"
            }
          ],
          "store_path": "/nix/store/d5p84hm6kd0phz9ynbzspapnld8saknx-python3.13-poetry-2.3.4"
        },
        "aarch64-linux": {
          "outputs": [
            {
              "name": "out",
              "path": "/nix/store/7ngp62431jl7khz7pgvjvq1x74y5sz5n-python3.13-poetry-2.3.4",
              "default": true
            },
            {
              "name": "dist",
              "path": "/nix/store/vzdq4y3hapqvih2crvg9cz9svflni2fx-python3.13-poetry-2.3.4-dist"
            }
          ],
          "store_path": "/nix/store/7ngp62431jl7khz7pgvjvq1x74y5sz5n-python3.13-poetry-2.3.4"
        },
        "x86_64-darwin": {
          "outputs": [
            {
              "name": "out",
              "path": "/nix/store/6v6mn986xhkpdp2v4h83yis3db5zmbyx-python3.13-poetry-2.3.4",
              "default": true
            },
            {
              "name": "dist",
              "path": "/nix/store/l5aa01l10d4dgmhs5w34j7qk155mmns8-python3.13-poetry-2.3.4-dist"
            }
          ],
          "store_path": "/nix/store/6v6mn986xhkpdp2v4h83yis3db5zmbyx-python3.13-poetry-2.3.4"
        },
        "x86_64-linux": {
          "outputs": [
            {
              "name": "out",
              "path": "/nix/store/980x0c0l4mscsd45zpglklh42jmpnhdr-python3.13-poetry-2.3.4",
              "default": true
            },
            {
              "name": "dist",
              "path": "/nix/store/722f22qrkfvgzn9npj6nvfxgfidh1l2d-python3.13-poetry-2.3.4-dist"
            }
          ],
          "store_path": "/nix/store/980x0c0l4mscsd45zpglklh42jmpnhdr-python3.13-poetry-2.3.4"
        }
      }
    },
    "python312@latest": {
      "last_modified": "2026-04-23T13:07:47Z",
      "plugin_version": "0.0.4",
      "resolved": "github:NixOS/nixpkgs/01fbdeef22b76df85ea168fbfe1bfd9e63681b30#python312",
      "source": "devbox-search",
      "version": "3.12.13",
      "systems": {
        "aarch64-darwin": {
          "outputs": [
            {
              "name": "out",
              "path": "/nix/store/fn6fnl5cg8qnsn1xn3lwaahk48vyw9l7-python3-3.12.13",
              "default": true
            }
          ],
          "store_path": "/nix/store/fn6fnl5cg8qnsn1xn3lwaahk48vyw9l7-python3-3.12.13"
        },
        "aarch64-linux": {
          "outputs": [
            {
              "name": "out",
              "path": "/nix/store/jczbi6lb8vws7zc251v47bpijh805lyg-python3-3.12.13",
              "default": true
            },
            {
              "name": "debug",
              "path": "/nix/store/2x5zchy1i0bprgxdvn5crjjmc4dw83p1-python3-3.12.13-debug"
            }
          ],
          "store_path": "/nix/store/jczbi6lb8vws7zc251v47bpijh805lyg-python3-3.12.13"
        },
        "x86_64-darwin": {
          "outputs": [
            {
              "name": "out",
              "path": "/nix/store/074rsjnaz8sf3xdf09a16zcw1qf8cj81-python3-3.12.13",
              "default": true
            }
          ],
          "store_path": "/nix/store/074rsjnaz8sf3xdf09a16zcw1qf8cj81-python3-3.12.13"
        },
        "x86_64-linux": {
          "outputs": [
            {
              "name": "out",
              "path": "/nix/store/h3q2g9wq4x3q84164qsfm3lz5djj0bf3-python3-3.12.13",
              "default": true
            },
            {
              "name": "debug",
              "path": "/nix/store/8hjni6450l0l4m5cvlxjb6wn7r0ynffl-python3-3.12.13-debug"
            }
          ],
          "store_path": "/nix/store/h3q2g9wq4x3q84164qsfm3lz5djj0bf3-python3-3.12.13"
        }
      }
    },
    "tilt@latest": {
      "last_modified": "2026-04-23T13:07:47Z",
      "resolved": "github:NixOS/nixpkgs/01fbdeef22b76df85ea168fbfe1bfd9e63681b30#tilt",
      "source": "devbox-search",
      "version": "0.37.0",
      "systems": {
        "aarch64-darwin": {
          "outputs": [
            {
              "name": "out",
              "path": "/nix/store/2jr02p6blkf5xdd5v3gmj7xmy8lpm103-tilt-0.37.0",
              "default": true
            }
          ],
          "store_path": "/nix/store/2jr02p6blkf5xdd5v3gmj7xmy8lpm103-tilt-0.37.0"
        },
        "aarch64-linux": {
          "outputs": [
            {
              "name": "out",
              "path": "/nix/store/f3c5rqzlcp9fzsidfdcvmn7bhs4xa8in-tilt-0.37.0",
              "default": true
            }
          ],
          "store_path": "/nix/store/f3c5rqzlcp9fzsidfdcvmn7bhs4xa8in-tilt-0.37.0"
        },
        "x86_64-darwin": {
          "outputs": [
            {
              "name": "out",
              "path": "/nix/store/vkipcq13zrqfp8hg6sqli5p8d205w0mj-tilt-0.37.0",
              "default": true
            }
          ],
          "store_path": "/nix/store/vkipcq13zrqfp8hg6sqli5p8d205w0mj-tilt-0.37.0"
        },
        "x86_64-linux": {
          "outputs": [
            {
              "name": "out",
              "path": "/nix/store/pqzlnkawl4ha1fgbink4ryajjv3z24jv-tilt-0.37.0",
              "default": true
            }
          ],
          "store_path": "/nix/store/pqzlnkawl4ha1fgbink4ryajjv3z24jv-tilt-0.37.0"
        }
      }
    },
    "yq-go@latest": {
      "last_modified": "2026-04-23T13:07:47Z",
      "resolved": "github:NixOS/nixpkgs/01fbdeef22b76df85ea168fbfe1bfd9e63681b30#yq-go",
      "source": "devbox-search",
      "version": "4.53.2",
      "systems": {
        "aarch64-darwin": {
          "outputs": [
            {
              "name": "out",
              "path": "/nix/store/l71i1w1yp0n8hbc5kxn7c4zliw2zfgag-yq-go-4.53.2",
              "default": true
            }
          ],
          "store_path": "/nix/store/l71i1w1yp0n8hbc5kxn7c4zliw2zfgag-yq-go-4.53.2"
        },
        "aarch64-linux": {
          "outputs": [
            {
              "name": "out",
              "path": "/nix/store/kjxyjgagpg303nc5r3qrg6vsaxg55v5a-yq-go-4.53.2",
              "default": true
            }
          ],
          "store_path": "/nix/store/kjxyjgagpg303nc5r3qrg6vsaxg55v5a-yq-go-4.53.2"
        },
        "x86_64-darwin": {
          "outputs": [
            {
              "name": "out",
              "path": "/nix/store/hq1v4s7gb92bbggigwxknldm377g1kdn-yq-go-4.53.2",
              "default": true
            }
          ],
          "store_path": "/nix/store/hq1v4s7gb92bbggigwxknldm377g1kdn-yq-go-4.53.2"
        },
        "x86_64-linux": {
          "outputs": [
            {
              "name": "out",
              "path": "/nix/store/carfqfrwa2am86fm7ms8xp9bb5bh6jmv-yq-go-4.53.2",
              "default": true
            }
          ],
          "store_path": "/nix/store/carfqfrwa2am86fm7ms8xp9bb5bh6jmv-yq-go-4.53.2"
        }
      }
    }
  }
}
